// !$*UTF8*$!
{
	archiveVersion = 1;
	classes = {
	};
	objectVersion = 55;
	objects = {

/* Begin PBXBuildFile section */
		4B8429E72850DA0800C4C2C5 /* SwiftUI_NavigationApp.swift in Sources */ = {isa = PBXBuildFile; fileRef = 4B8429E62850DA0800C4C2C5 /* SwiftUI_NavigationApp.swift */; };
		4B8429E92850DA0800C4C2C5 /* ContentView.swift in Sources */ = {isa = PBXBuildFile; fileRef = 4B8429E82850DA0800C4C2C5 /* ContentView.swift */; };
		4B8429EB2850DA0E00C4C2C5 /* Assets.xcassets in Resources */ = {isa = PBXBuildFile; fileRef = 4B8429EA2850DA0E00C4C2C5 /* Assets.xcassets */; };
		4B8429EE2850DA0E00C4C2C5 /* Preview Assets.xcassets in Resources */ = {isa = PBXBuildFile; fileRef = 4B8429ED2850DA0E00C4C2C5 /* Preview Assets.xcassets */; };
		4BE514982851506200A6820E /* Model.swift in Sources */ = {isa = PBXBuildFile; fileRef = 4BE514972851506200A6820E /* Model.swift */; };
		4BE5149A2851510900A6820E /* Data.swift in Sources */ = {isa = PBXBuildFile; fileRef = 4BE514992851510900A6820E /* Data.swift */; };
		4BE5149C285159E600A6820E /* DesignPatterns.swift in Sources */ = {isa = PBXBuildFile; fileRef = 4BE5149B285159E600A6820E /* DesignPatterns.swift */; };
		4BE5149E28515BF000A6820E /* CodeSmells.swift in Sources */ = {isa = PBXBuildFile; fileRef = 4BE5149D28515BF000A6820E /* CodeSmells.swift */; };
/* End PBXBuildFile section */

/* Begin PBXFileReference section */
		4B8429E32850DA0800C4C2C5 /* SwiftUI Navigation.app */ = {isa = PBXFileReference; explicitFileType = wrapper.application; includeInIndex = 0; path = "SwiftUI Navigation.app"; sourceTree = BUILT_PRODUCTS_DIR; };
		4B8429E62850DA0800C4C2C5 /* SwiftUI_NavigationApp.swift */ = {isa = PBXFileReference; lastKnownFileType = sourcecode.swift; path = SwiftUI_NavigationApp.swift; sourceTree = "<group>"; };
		4B8429E82850DA0800C4C2C5 /* ContentView.swift */ = {isa = PBXFileReference; lastKnownFileType = sourcecode.swift; path = ContentView.swift; sourceTree = "<group>"; };
		4B8429EA2850DA0E00C4C2C5 /* Assets.xcassets */ = {isa = PBXFileReference; lastKnownFileType = folder.assetcatalog; path = Assets.xcassets; sourceTree = "<group>"; };
		4B8429ED2850DA0E00C4C2C5 /* Preview Assets.xcassets */ = {isa = PBXFileReference; lastKnownFileType = folder.assetcatalog; path = "Preview Assets.xcassets"; sourceTree = "<group>"; };
		4BE514972851506200A6820E /* Model.swift */ = {isa = PBXFileReference; lastKnownFileType = sourcecode.swift; path = Model.swift; sourceTree = "<group>"; };
		4BE514992851510900A6820E /* Data.swift */ = {isa = PBXFileReference; lastKnownFileType = sourcecode.swift; path = Data.swift; sourceTree = "<group>"; };
		4BE5149B285159E600A6820E /* DesignPatterns.swift */ = {isa = PBXFileReference; lastKnownFileType = sourcecode.swift; path = DesignPatterns.swift; sourceTree = "<group>"; };
		4BE5149D28515BF000A6820E /* CodeSmells.swift */ = {isa = PBXFileReference; lastKnownFileType = sourcecode.swift; path = CodeSmells.swift; sourceTree = "<group>"; };
		4BE514A1285161A700A6820E /* SwiftUI-Navigation-Info.plist */ = {isa = PBXFileReference; lastKnownFileType = text.plist; path = "SwiftUI-Navigation-Info.plist"; sourceTree = SOURCE_ROOT; };
/* End PBXFileReference section */

/* Begin PBXFrameworksBuildPhase section */
		4B8429E02850DA0800C4C2C5 /* Frameworks */ = {
			isa = PBXFrameworksBuildPhase;
			buildActionMask = 2147483647;
			files = (
			);
			runOnlyForDeploymentPostprocessing = 0;
		};
/* End PBXFrameworksBuildPhase section */

/* Begin PBXGroup section */
		4B8429DA2850DA0800C4C2C5 = {
			isa = PBXGroup;
			children = (
				4B8429E52850DA0800C4C2C5 /* SwiftUI Navigation */,
				4B8429E42850DA0800C4C2C5 /* Products */,
			);
			sourceTree = "<group>";
		};
		4B8429E42850DA0800C4C2C5 /* Products */ = {
			isa = PBXGroup;
			children = (
				4B8429E32850DA0800C4C2C5 /* SwiftUI Navigation.app */,
			);
			name = Products;
			sourceTree = "<group>";
		};
		4B8429E52850DA0800C4C2C5 /* SwiftUI Navigation */ = {
			isa = PBXGroup;
			children = (
				4BE514A1285161A700A6820E /* SwiftUI-Navigation-Info.plist */,
				4BE514972851506200A6820E /* Model.swift */,
				4B8429E62850DA0800C4C2C5 /* SwiftUI_NavigationApp.swift */,
				4B8429E82850DA0800C4C2C5 /* ContentView.swift */,
				4B8429EA2850DA0E00C4C2C5 /* Assets.xcassets */,
				4B8429EC2850DA0E00C4C2C5 /* Preview Content */,
				4BE514992851510900A6820E /* Data.swift */,
				4BE5149B285159E600A6820E /* DesignPatterns.swift */,
				4BE5149D28515BF000A6820E /* CodeSmells.swift */,
			);
			path = "SwiftUI Navigation";
			sourceTree = "<group>";
		};
		4B8429EC2850DA0E00C4C2C5 /* Preview Content */ = {
			isa = PBXGroup;
			children = (
				4B8429ED2850DA0E00C4C2C5 /* Preview Assets.xcassets */,
			);
			path = "Preview Content";
			sourceTree = "<group>";
		};
/* End PBXGroup section */

/* Begin PBXNativeTarget section */
		4B8429E22850DA0800C4C2C5 /* SwiftUI Navigation */ = {
			isa = PBXNativeTarget;
			buildConfigurationList = 4B8429F12850DA0E00C4C2C5 /* Build configuration list for PBXNativeTarget "SwiftUI Navigation" */;
			buildPhases = (
				4B8429DF2850DA0800C4C2C5 /* Sources */,
				4B8429E02850DA0800C4C2C5 /* Frameworks */,
				4B8429E12850DA0800C4C2C5 /* Resources */,
			);
			buildRules = (
			);
			dependencies = (
			);
			name = "SwiftUI Navigation";
			productName = "SwiftUI Navigation";
			productReference = 4B8429E32850DA0800C4C2C5 /* SwiftUI Navigation.app */;
			productType = "com.apple.product-type.application";
		};
/* End PBXNativeTarget section */

/* Begin PBXProject section */
		4B8429DB2850DA0800C4C2C5 /* Project object */ = {
			isa = PBXProject;
			attributes = {
				BuildIndependentTargetsInParallel = 1;
				LastSwiftUpdateCheck = 1340;
				LastUpgradeCheck = 1340;
				TargetAttributes = {
					4B8429E22850DA0800C4C2C5 = {
						CreatedOnToolsVersion = 13.4.1;
					};
				};
			};
			buildConfigurationList = 4B8429DE2850DA0800C4C2C5 /* Build configuration list for PBXProject "SwiftUI Navigation" */;
			compatibilityVersion = "Xcode 13.0";
			developmentRegion = en;
			hasScannedForEncodings = 0;
			knownRegions = (
				en,
				Base,
			);
			mainGroup = 4B8429DA2850DA0800C4C2C5;
			productRefGroup = 4B8429E42850DA0800C4C2C5 /* Products */;
			projectDirPath = "";
			projectRoot = "";
			targets = (
				4B8429E22850DA0800C4C2C5 /* SwiftUI Navigation */,
			);
		};
/* End PBXProject section */

/* Begin PBXResourcesBuildPhase section */
		4B8429E12850DA0800C4C2C5 /* Resources */ = {
			isa = PBXResourcesBuildPhase;
			buildActionMask = 2147483647;
			files = (
				4B8429EE2850DA0E00C4C2C5 /* Preview Assets.xcassets in Resources */,
				4B8429EB2850DA0E00C4C2C5 /* Assets.xcassets in Resources */,
			);
			runOnlyForDeploymentPostprocessing = 0;
		};
/* End PBXResourcesBuildPhase section */

/* Begin PBXSourcesBuildPhase section */
		4B8429DF2850DA0800C4C2C5 /* Sources */ = {
			isa = PBXSourcesBuildPhase;
			buildActionMask = 2147483647;
			files = (
				4BE5149E28515BF000A6820E /* CodeSmells.swift in Sources */,
				4BE5149C285159E600A6820E /* DesignPatterns.swift in Sources */,
				4B8429E92850DA0800C4C2C5 /* ContentView.swift in Sources */,
				4BE514982851506200A6820E /* Model.swift in Sources */,
				4B8429E72850DA0800C4C2C5 /* SwiftUI_NavigationApp.swift in Sources */,
				4BE5149A2851510900A6820E /* Data.swift in Sources */,
			);
			runOnlyForDeploymentPostprocessing = 0;
		};
/* End PBXSourcesBuildPhase section */

/* Begin XCBuildConfiguration section */
		4B8429EF2850DA0E00C4C2C5 /* Debug */ = {
			isa = XCBuildConfiguration;
			buildSettings = {
				ALWAYS_SEARCH_USER_PATHS = NO;
				CLANG_ANALYZER_NONNULL = YES;
				CLANG_ANALYZER_NUMBER_OBJECT_CONVERSION = YES_AGGRESSIVE;
				CLANG_CXX_LANGUAGE_STANDARD = "gnu++17";
				CLANG_ENABLE_MODULES = YES;
				CLANG_ENABLE_OBJC_ARC = YES;
				CLANG_ENABLE_OBJC_WEAK = YES;
				CLANG_WARN_BLOCK_CAPTURE_AUTORELEASING = YES;
				CLANG_WARN_BOOL_CONVERSION = YES;
				CLANG_WARN_COMMA = YES;
				CLANG_WARN_CONSTANT_CONVERSION = YES;
				CLANG_WARN_DEPRECATED_OBJC_IMPLEMENTATIONS = YES;
				CLANG_WARN_DIRECT_OBJC_ISA_USAGE = YES_ERROR;
				CLANG_WARN_DOCUMENTATION_COMMENTS = YES;
				CLANG_WARN_EMPTY_BODY = YES;
				CLANG_WARN_ENUM_CONVERSION = YES;
				CLANG_WARN_INFINITE_RECURSION = YES;
				CLANG_WARN_INT_CONVERSION = YES;
				CLANG_WARN_NON_LITERAL_NULL_CONVERSION = YES;
				CLANG_WARN_OBJC_IMPLICIT_RETAIN_SELF = YES;
				CLANG_WARN_OBJC_LITERAL_CONVERSION = YES;
				CLANG_WARN_OBJC_ROOT_CLASS = YES_ERROR;
				CLANG_WARN_QUOTED_INCLUDE_IN_FRAMEWORK_HEADER = YES;
				CLANG_WARN_RANGE_LOOP_ANALYSIS = YES;
				CLANG_WARN_STRICT_PROTOTYPES = YES;
				CLANG_WARN_SUSPICIOUS_MOVE = YES;
				CLANG_WARN_UNGUARDED_AVAILABILITY = YES_AGGRESSIVE;
				CLANG_WARN_UNREACHABLE_CODE = YES;
				CLANG_WARN__DUPLICATE_METHOD_MATCH = YES;
				COPY_PHASE_STRIP = NO;
				DEBUG_INFORMATION_FORMAT = dwarf;
				ENABLE_STRICT_OBJC_MSGSEND = YES;
				ENABLE_TESTABILITY = YES;
				GCC_C_LANGUAGE_STANDARD = gnu11;
				GCC_DYNAMIC_NO_PIC = NO;
				GCC_NO_COMMON_BLOCKS = YES;
				GCC_OPTIMIZATION_LEVEL = 0;
				GCC_PREPROCESSOR_DEFINITIONS = (
					"DEBUG=1",
					"$(inherited)",
				);
				GCC_WARN_64_TO_32_BIT_CONVERSION = YES;
				GCC_WARN_ABOUT_RETURN_TYPE = YES_ERROR;
				GCC_WARN_UNDECLARED_SELECTOR = YES;
				GCC_WARN_UNINITIALIZED_AUTOS = YES_AGGRESSIVE;
				GCC_WARN_UNUSED_FUNCTION = YES;
				GCC_WARN_UNUSED_VARIABLE = YES;
				IPHONEOS_DEPLOYMENT_TARGET = 16.0;
				MTL_ENABLE_DEBUG_INFO = INCLUDE_SOURCE;
				MTL_FAST_MATH = YES;
				ONLY_ACTIVE_ARCH = YES;
				SDKROOT = iphoneos;
				SWIFT_ACTIVE_COMPILATION_CONDITIONS = DEBUG;
				SWIFT_OPTIMIZATION_LEVEL = "-Onone";
			};
			name = Debug;
		};
		4B8429F02850DA0E00C4C2C5 /* Release */ = {
			isa = XCBuildConfiguration;
			buildSettings = {
				ALWAYS_SEARCH_USER_PATHS = NO;
				CLANG_ANALYZER_NONNULL = YES;
				CLANG_ANALYZER_NUMBER_OBJECT_CONVERSION = YES_AGGRESSIVE;
				CLANG_CXX_LANGUAGE_STANDARD = "gnu++17";
				CLANG_ENABLE_MODULES = YES;
				CLANG_ENABLE_OBJC_ARC = YES;
				CLANG_ENABLE_OBJC_WEAK = YES;
				CLANG_WARN_BLOCK_CAPTURE_AUTORELEASING = YES;
				CLANG_WARN_BOOL_CONVERSION = YES;
				CLANG_WARN_COMMA = YES;
				CLANG_WARN_CONSTANT_CONVERSION = YES;
				CLANG_WARN_DEPRECATED_OBJC_IMPLEMENTATIONS = YES;
				CLANG_WARN_DIRECT_OBJC_ISA_USAGE = YES_ERROR;
				CLANG_WARN_DOCUMENTATION_COMMENTS = YES;
				CLANG_WARN_EMPTY_BODY = YES;
				CLANG_WARN_ENUM_CONVERSION = YES;
				CLANG_WARN_INFINITE_RECURSION = YES;
				CLANG_WARN_INT_CONVERSION = YES;
				CLANG_WARN_NON_LITERAL_NULL_CONVERSION = YES;
				CLANG_WARN_OBJC_IMPLICIT_RETAIN_SELF = YES;
				CLANG_WARN_OBJC_LITERAL_CONVERSION = YES;
				CLANG_WARN_OBJC_ROOT_CLASS = YES_ERROR;
				CLANG_WARN_QUOTED_INCLUDE_IN_FRAMEWORK_HEADER = YES;
				CLANG_WARN_RANGE_LOOP_ANALYSIS = YES;
				CLANG_WARN_STRICT_PROTOTYPES = YES;
				CLANG_WARN_SUSPICIOUS_MOVE = YES;
				CLANG_WARN_UNGUARDED_AVAILABILITY = YES_AGGRESSIVE;
				CLANG_WARN_UNREACHABLE_CODE = YES;
				CLANG_WARN__DUPLICATE_METHOD_MATCH = YES;
				COPY_PHASE_STRIP = NO;
				DEBUG_INFORMATION_FORMAT = "dwarf-with-dsym";
				ENABLE_NS_ASSERTIONS = NO;
				ENABLE_STRICT_OBJC_MSGSEND = YES;
				GCC_C_LANGUAGE_STANDARD = gnu11;
				GCC_NO_COMMON_BLOCKS = YES;
				GCC_WARN_64_TO_32_BIT_CONVERSION = YES;
				GCC_WARN_ABOUT_RETURN_TYPE = YES_ERROR;
				GCC_WARN_UNDECLARED_SELECTOR = YES;
				GCC_WARN_UNINITIALIZED_AUTOS = YES_AGGRESSIVE;
				GCC_WARN_UNUSED_FUNCTION = YES;
				GCC_WARN_UNUSED_VARIABLE = YES;
				IPHONEOS_DEPLOYMENT_TARGET = 16.0;
				MTL_ENABLE_DEBUG_INFO = NO;
				MTL_FAST_MATH = YES;
				SDKROOT = iphoneos;
				SWIFT_COMPILATION_MODE = wholemodule;
				SWIFT_OPTIMIZATION_LEVEL = "-O";
				VALIDATE_PRODUCT = YES;
			};
			name = Release;
		};
		4B8429F22850DA0E00C4C2C5 /* Debug */ = {
			isa = XCBuildConfiguration;
			buildSettings = {
				ASSETCATALOG_COMPILER_APPICON_NAME = AppIcon;
				ASSETCATALOG_COMPILER_GLOBAL_ACCENT_COLOR_NAME = AccentColor;
				CODE_SIGN_STYLE = Automatic;
				CURRENT_PROJECT_VERSION = 1;
				DEVELOPMENT_ASSET_PATHS = "\"SwiftUI Navigation/Preview Content\"";
				DEVELOPMENT_TEAM = GZNR5GETS3;
				ENABLE_PREVIEWS = YES;
				GENERATE_INFOPLIST_FILE = YES;
				INFOPLIST_FILE = "SwiftUI-Navigation-Info.plist";
				INFOPLIST_KEY_CFBundleDisplayName = Refactoring;
				INFOPLIST_KEY_UIApplicationSceneManifest_Generation = YES;
				INFOPLIST_KEY_UIApplicationSupportsIndirectInputEvents = YES;
				INFOPLIST_KEY_UILaunchScreen_Generation = YES;
				INFOPLIST_KEY_UISupportedInterfaceOrientations_iPad = "UIInterfaceOrientationPortrait UIInterfaceOrientationPortraitUpsideDown UIInterfaceOrientationLandscapeLeft UIInterfaceOrientationLandscapeRight";
				INFOPLIST_KEY_UISupportedInterfaceOrientations_iPhone = "UIInterfaceOrientationPortrait UIInterfaceOrientationLandscapeLeft UIInterfaceOrientationLandscapeRight";
				IPHONEOS_DEPLOYMENT_TARGET = 16.0;
				LD_RUNPATH_SEARCH_PATHS = (
					"$(inherited)",
					"@executable_path/Frameworks",
				);
				MARKETING_VERSION = 1.0;
				PRODUCT_BUNDLE_IDENTIFIER = com.santimattius.navigation;
				PRODUCT_NAME = "$(TARGET_NAME)";
				SWIFT_EMIT_LOC_STRINGS = YES;
				SWIFT_VERSION = 5.0;
				TARGETED_DEVICE_FAMILY = "1,2";
			};
			name = Debug;
		};
		4B8429F32850DA0E00C4C2C5 /* Release */ = {
			isa = XCBuildConfiguration;
			buildSettings = {
				ASSETCATALOG_COMPILER_APPICON_NAME = AppIcon;
				ASSETCATALOG_COMPILER_GLOBAL_ACCENT_COLOR_NAME = AccentColor;
				CODE_SIGN_STYLE = Automatic;
				CURRENT_PROJECT_VERSION = 1;
				DEVELOPMENT_ASSET_PATHS = "\"SwiftUI Navigation/Preview Content\"";
				DEVELOPMENT_TEAM = GZNR5GETS3;
				ENABLE_PREVIEWS = YES;
				GENERATE_INFOPLIST_FILE = YES;
				INFOPLIST_FILE = "SwiftUI-Navigation-Info.plist";
				INFOPLIST_KEY_CFBundleDisplayName = Refactoring;
				INFOPLIST_KEY_UIApplicationSceneManifest_Generation = YES;
				INFOPLIST_KEY_UIApplicationSupportsIndirectInputEvents = YES;
				INFOPLIST_KEY_UILaunchScreen_Generation = YES;
				INFOPLIST_KEY_UISupportedInterfaceOrientations_iPad = "UIInterfaceOrientationPortrait UIInterfaceOrientationPortraitUpsideDown UIInterfaceOrientationLandscapeLeft UIInterfaceOrientationLandscapeRight";
				INFOPLIST_KEY_UISupportedInterfaceOrientations_iPhone = "UIInterfaceOrientationPortrait UIInterfaceOrientationLandscapeLeft UIInterfaceOrientationLandscapeRight";
				IPHONEOS_DEPLOYMENT_TARGET = 16.0;
				LD_RUNPATH_SEARCH_PATHS = (
					"$(inherited)",
					"@executable_path/Frameworks",
				);
				MARKETING_VERSION = 1.0;
				PRODUCT_BUNDLE_IDENTIFIER = com.santimattius.navigation;
				PRODUCT_NAME = "$(TARGET_NAME)";
				SWIFT_EMIT_LOC_STRINGS = YES;
				SWIFT_VERSION = 5.0;
				TARGETED_DEVICE_FAMILY = "1,2";
			};
			name = Release;
		};
/* End XCBuildConfiguration section */

/* Begin XCConfigurationList section */
		4B8429DE2850DA0800C4C2C5 /* Build configuration list for PBXProject "SwiftUI Navigation" */ = {
			isa = XCConfigurationList;
			buildConfigurations = (
				4B8429EF2850DA0E00C4C2C5 /* Debug */,
				4B8429F02850DA0E00C4C2C5 /* Release */,
			);
			defaultConfigurationIsVisible = 0;
			defaultConfigurationName = Release;
		};
		4B8429F12850DA0E00C4C2C5 /* Build configuration list for PBXNativeTarget "SwiftUI Navigation" */ = {
			isa = XCConfigurationList;
			buildConfigurations = (
				4B8429F22850DA0E00C4C2C5 /* Debug */,
				4B8429F32850DA0E00C4C2C5 /* Release */,
			);
			defaultConfigurationIsVisible = 0;
			defaultConfigurationName = Release;
		};
/* End XCConfigurationList section */
	};
	rootObject = 4B8429DB2850DA0800C4C2C5 /* Project object */;
}
